{
  "version": 4,
  "terraform_version": "1.11.4",
  "serial": 2,
  "lineage": "0305d7ea-18dc-482b-56f6-287120db06ff",
  "outputs": {
    "cluster_connection_string": {
      "value": "mongodb://cluster-test-multi-clou-shard-00-00.6c8kk.mongodb.net:27017,cluster-test-multi-clou-shard-00-01.6c8kk.mongodb.net:27017,cluster-test-multi-clou-shard-00-02.6c8kk.mongodb.net:27017,cluster-test-multi-clou-shard-00-03.6c8kk.mongodb.net:27017,cluster-test-multi-clou-shard-00-04.6c8kk.mongodb.net:27017,cluster-test-multi-clou-shard-00-05.6c8kk.mongodb.net:27017/?ssl=true\u0026authSource=admin\u0026replicaSet=atlas-ov84bx-shard-0",
      "type": "string"
    }
  },
  "resources": [
    {
      "mode": "managed",
      "type": "mongodbatlas_advanced_cluster",
      "name": "testMultiCloudCluster",
      "provider": "provider[\"registry.terraform.io/mongodb/mongodbatlas\"]",
      "instances": [
        {
          "schema_version": 1,
          "attributes": {
            "accept_data_risks_and_force_replica_set_reconfig": "",
            "advanced_configuration": [
              {
                "change_stream_options_pre_and_post_images_expire_after_seconds": -1,
                "custom_openssl_cipher_config_tls12": [],
                "default_max_time_ms": 0,
                "default_read_concern": "",
                "default_write_concern": "",
                "fail_index_key_too_long": false,
                "javascript_enabled": true,
                "minimum_enabled_tls_protocol": "TLS1_2",
                "no_table_scan": false,
                "oplog_min_retention_hours": 0,
                "oplog_size_mb": 0,
                "sample_refresh_interval_bi_connector": 0,
                "sample_size_bi_connector": 0,
                "tls_cipher_config_mode": "DEFAULT",
                "transaction_lifetime_limit_seconds": 0
              }
            ],
            "backup_enabled": false,
            "bi_connector_config": [
              {
                "enabled": false,
                "read_preference": "secondary"
              }
            ],
            "cluster_id": "6825754cab46a01a3406cd35",
            "cluster_type": "REPLICASET",
            "config_server_management_mode": "",
            "config_server_type": "",
            "connection_strings": [
              {
                "private": "",
                "private_endpoint": [],
                "private_srv": "",
                "standard": "mongodb://cluster-test-multi-clou-shard-00-00.6c8kk.mongodb.net:27017,cluster-test-multi-clou-shard-00-01.6c8kk.mongodb.net:27017,cluster-test-multi-clou-shard-00-02.6c8kk.mongodb.net:27017,cluster-test-multi-clou-shard-00-03.6c8kk.mongodb.net:27017,cluster-test-multi-clou-shard-00-04.6c8kk.mongodb.net:27017,cluster-test-multi-clou-shard-00-05.6c8kk.mongodb.net:27017/?ssl=true\u0026authSource=admin\u0026replicaSet=atlas-ov84bx-shard-0",
                "standard_srv": "mongodb+srv://cluster-test-multi-clou.6c8kk.mongodb.net"
              }
            ],
            "create_date": "2025-05-15T05:02:04Z",
            "disk_size_gb": 8,
            "encryption_at_rest_provider": "NONE",
            "global_cluster_self_managed_sharding": false,
            "id": "Y2x1c3Rlcl9pZA==:NjgyNTc1NGNhYjQ2YTAxYTM0MDZjZDM1-Y2x1c3Rlcl9uYW1l:Y2x1c3Rlci10ZXN0LW11bHRpLWNsb3Vk-cHJvamVjdF9pZA==:NjVmNjE3YTZjZGFmYjUxMDhiOWM2ZWYy",
            "labels": [],
            "mongo_db_major_version": "8.0",
            "mongo_db_version": "8.0.9",
            "name": "cluster-test-multi-cloud",
            "paused": false,
            "pinned_fcv": [],
            "pit_enabled": false,
            "project_id": "65f617a6cdafb5108b9c6ef2",
            "redact_client_log_data": false,
            "replica_set_scaling_strategy": "",
            "replication_specs": [
              {
                "container_id": {
                  "AWS:US_EAST_1": "681f16a142400a1e1920376b",
                  "AZURE:US_EAST": "68256e02d5ccac666d204feb"
                },
                "external_id": "6825754cab46a01a3406cd17",
                "id": "6825754cab46a01a3406cd16",
                "num_shards": 1,
                "region_configs": [
                  {
                    "analytics_auto_scaling": [],
                    "analytics_specs": [
                      {
                        "disk_iops": 3000,
                        "disk_size_gb": 8,
                        "ebs_volume_type": "",
                        "instance_size": "M10",
                        "node_count": 1
                      }
                    ],
                    "auto_scaling": [],
                    "backing_provider_name": "",
                    "electable_specs": [
                      {
                        "disk_iops": 3000,
                        "disk_size_gb": 8,
                        "ebs_volume_type": "",
                        "instance_size": "M10",
                        "node_count": 3
                      }
                    ],
                    "priority": 7,
                    "provider_name": "AWS",
                    "read_only_specs": [],
                    "region_name": "US_EAST_1"
                  },
                  {
                    "analytics_auto_scaling": [],
                    "analytics_specs": [],
                    "auto_scaling": [],
                    "backing_provider_name": "",
                    "electable_specs": [
                      {
                        "disk_iops": 3500,
                        "disk_size_gb": 8,
                        "ebs_volume_type": "",
                        "instance_size": "M10",
                        "node_count": 2
                      }
                    ],
                    "priority": 6,
                    "provider_name": "AZURE",
                    "read_only_specs": [],
                    "region_name": "US_EAST"
                  }
                ],
                "zone_id": "6825754cab46a01a3406cd15",
                "zone_name": "ZoneName managed by Terraform"
              }
            ],
            "retain_backups_enabled": null,
            "root_cert_type": "ISRGROOTX1",
            "state_name": "IDLE",
            "tags": [],
            "termination_protection_enabled": false,
            "timeouts": null,
            "version_release_system": "LTS"
          },
          "sensitive_attributes": [],
          "private": "eyJlMmJmYjczMC1lY2FhLTExZTYtOGY4OC0zNDM2M2JjN2M0YzAiOnsiY3JlYXRlIjoxMDgwMDAwMDAwMDAwMCwiZGVsZXRlIjoxMDgwMDAwMDAwMDAwMCwidXBkYXRlIjoxMDgwMDAwMDAwMDAwMH0sInNjaGVtYV92ZXJzaW9uIjoiMSJ9"
        }
      ]
    }
  ],
  "check_results": null
}
