{
  "version": 4,
  "terraform_version": "1.11.4",
  "serial": 9,
  "lineage": "952fdf91-8ecc-c7a9-61a6-48e0260442c7",
  "outputs": {},
  "resources": [
    {
      "mode": "managed",
      "type": "mongodbatlas_cluster",
      "name": "existing_cluster",
      "provider": "provider[\"registry.terraform.io/mongodb/mongodbatlas\"]",
      "instances": [
        {
          "schema_version": 1,
          "attributes": {
            "accept_data_risks_and_force_replica_set_reconfig": "",
            "advanced_configuration": [
              {
                "default_read_concern": "",
                "default_write_concern": "",
                "fail_index_key_too_long": false,
                "javascript_enabled": true,
                "minimum_enabled_tls_protocol": "TLS1_2",
                "no_table_scan": false,
                "oplog_min_retention_hours": 0,
                "oplog_size_mb": 0,
                "sample_refresh_interval_bi_connector": 0,
                "sample_size_bi_connector": 0,
                "transaction_lifetime_limit_seconds": 0
              }
            ],
            "auto_scaling_compute_enabled": true,
            "auto_scaling_compute_scale_down_enabled": true,
            "auto_scaling_disk_gb_enabled": true,
            "backing_provider_name": null,
            "backup_enabled": false,
            "bi_connector_config": [
              {
                "enabled": false,
                "read_preference": "secondary"
              }
            ],
            "cloud_backup": true,
            "cluster_id": "681e95daa4638b565b5c37b5",
            "cluster_type": "REPLICASET",
            "connection_strings": [
              {
                "private": "",
                "private_endpoint": [],
                "private_srv": "",
                "standard": "mongodb://cluster0-shard-00-00.6c8kk.mongodb.net:27017,cluster0-shard-00-01.6c8kk.mongodb.net:27017,cluster0-shard-00-02.6c8kk.mongodb.net:27017/?ssl=true\u0026authSource=admin\u0026replicaSet=atlas-rwit6q-shard-0",
                "standard_srv": "mongodb+srv://cluster0.6c8kk.mongodb.net"
              }
            ],
            "container_id": "681e95daa4638b565b5c37b4",
            "disk_size_gb": 10,
            "encryption_at_rest_provider": "NONE",
            "id": "Y2x1c3Rlcl9pZA==:NjgxZTk1ZGFhNDYzOGI1NjViNWMzN2I1-Y2x1c3Rlcl9uYW1l:Q2x1c3RlcjA=-cHJvamVjdF9pZA==:NjVmNjE3YTZjZGFmYjUxMDhiOWM2ZWYy-cHJvdmlkZXJfbmFtZQ==:QVdT",
            "labels": [],
            "mongo_db_major_version": "8.0",
            "mongo_db_version": "8.0.9",
            "mongo_uri": "mongodb://cluster0-shard-00-00.6c8kk.mongodb.net:27017,cluster0-shard-00-01.6c8kk.mongodb.net:27017,cluster0-shard-00-02.6c8kk.mongodb.net:27017",
            "mongo_uri_updated": "2025-05-10T00:04:12Z",
            "mongo_uri_with_options": "mongodb://cluster0-shard-00-00.6c8kk.mongodb.net:27017,cluster0-shard-00-01.6c8kk.mongodb.net:27017,cluster0-shard-00-02.6c8kk.mongodb.net:27017/?ssl=true\u0026authSource=admin\u0026replicaSet=atlas-rwit6q-shard-0",
            "name": "Cluster0",
            "num_shards": 1,
            "paused": false,
            "pit_enabled": true,
            "project_id": "65f617a6cdafb5108b9c6ef2",
            "provider_auto_scaling_compute_max_instance_size": "R50",
            "provider_auto_scaling_compute_min_instance_size": "R40",
            "provider_disk_iops": 3000,
            "provider_disk_type_name": "",
            "provider_encrypt_ebs_volume": null,
            "provider_encrypt_ebs_volume_flag": true,
            "provider_instance_size_name": "R40",
            "provider_name": "AWS",
            "provider_region_name": "CA_WEST_1",
            "provider_volume_type": "STANDARD",
            "replication_factor": 3,
            "replication_specs": [
              {
                "id": "681e95daa4638b565b5c3767",
                "num_shards": 1,
                "regions_config": [
                  {
                    "analytics_nodes": 0,
                    "electable_nodes": 3,
                    "priority": 7,
                    "read_only_nodes": 0,
                    "region_name": "CA_WEST_1"
                  }
                ],
                "zone_name": "Zone 1"
              }
            ],
            "retain_backups_enabled": null,
            "snapshot_backup_policy": [
              {
                "cluster_id": "681e95daa4638b565b5c37b5",
                "cluster_name": "Cluster0",
                "next_snapshot": "2025-05-10T12:03:25Z",
                "policies": [
                  {
                    "id": "681e97be2319a522557b3632",
                    "policy_item": [
                      {
                        "frequency_interval": 6,
                        "frequency_type": "hourly",
                        "id": "681e97be2319a522557b3633",
                        "retention_unit": "days",
                        "retention_value": 7
                      },
                      {
                        "frequency_interval": 1,
                        "frequency_type": "daily",
                        "id": "681e97be2319a522557b3634",
                        "retention_unit": "days",
                        "retention_value": 7
                      },
                      {
                        "frequency_interval": 6,
                        "frequency_type": "weekly",
                        "id": "681e97be2319a522557b3635",
                        "retention_unit": "weeks",
                        "retention_value": 4
                      },
                      {
                        "frequency_interval": 40,
                        "frequency_type": "monthly",
                        "id": "681e97be2319a522557b3636",
                        "retention_unit": "months",
                        "retention_value": 12
                      },
                      {
                        "frequency_interval": 12,
                        "frequency_type": "yearly",
                        "id": "681e97be2319a522557b3637",
                        "retention_unit": "years",
                        "retention_value": 1
                      }
                    ]
                  }
                ],
                "reference_hour_of_day": 0,
                "reference_minute_of_hour": 3,
                "restore_window_days": 7,
                "update_snapshots": false
              }
            ],
            "srv_address": "mongodb+srv://cluster0.6c8kk.mongodb.net",
            "state_name": "IDLE",
            "tags": [],
            "termination_protection_enabled": false,
            "timeouts": null,
            "version_release_system": "LTS"
          },
          "sensitive_attributes": [],
          "private": "eyJlMmJmYjczMC1lY2FhLTExZTYtOGY4OC0zNDM2M2JjN2M0YzAiOnsiY3JlYXRlIjoxMDgwMDAwMDAwMDAwMCwiZGVsZXRlIjoxMDgwMDAwMDAwMDAwMCwidXBkYXRlIjoxMDgwMDAwMDAwMDAwMH0sInNjaGVtYV92ZXJzaW9uIjoiMSJ9"
        }
      ]
    }
  ],
  "check_results": null
}
