{
  "version": 4,
  "terraform_version": "1.11.4",
  "serial": 42,
  "lineage": "375cbd6a-81a1-412c-8012-031dec28cbc0",
  "outputs": {
    "standard": {
      "value": "mongodb://cluster0-shard-00-00.6c8kk.mongodb.net:27017,cluster0-shard-00-01.6c8kk.mongodb.net:27017,cluster0-shard-00-02.6c8kk.mongodb.net:27017/?ssl=true\u0026authSource=admin\u0026replicaSet=atlas-rwit6q-shard-0",
      "type": "string"
    },
    "standard_srv": {
      "value": "mongodb+srv://cluster0.6c8kk.mongodb.net",
      "type": "string"
    }
  },
  "resources": [
    {
      "mode": "managed",
      "type": "mongodbatlas_alert_configuration",
      "name": "test",
      "provider": "provider[\"registry.terraform.io/mongodb/mongodbatlas\"]",
      "instances": [
        {
          "schema_version": 0,
          "attributes": {
            "alert_configuration_id": "6824374f5257c57b4a8cc341",
            "created": "2025-05-14T06:25:19Z",
            "enabled": true,
            "event_type": "REPLICATION_OPLOG_WINDOW_RUNNING_OUT",
            "id": "aWQ=:NjgyNDM3NGY1MjU3YzU3YjRhOGNjMzQx-cHJvamVjdF9pZA==:NjVmNjE3YTZjZGFmYjUxMDhiOWM2ZWYy",
            "matcher": [
              {
                "field_name": "CLUSTER_NAME",
                "operator": "EQUALS",
                "value": "Cluster0"
              }
            ],
            "metric_threshold_config": [],
            "notification": [
              {
                "api_token": null,
                "channel_name": null,
                "datadog_api_key": null,
                "datadog_region": null,
                "delay_min": 0,
                "email_address": null,
                "email_enabled": true,
                "interval_min": 5,
                "microsoft_teams_webhook_url": null,
                "mobile_number": null,
                "notifier_id": "6824374f5257c57b4a8cc340",
                "ops_genie_api_key": null,
                "ops_genie_region": null,
                "roles": [
                  "GROUP_CLUSTER_MANAGER"
                ],
                "service_key": null,
                "sms_enabled": false,
                "team_id": null,
                "team_name": null,
                "type_name": "GROUP",
                "username": null,
                "victor_ops_api_key": null,
                "victor_ops_routing_key": null,
                "webhook_secret": null,
                "webhook_url": null
              }
            ],
            "project_id": "65f617a6cdafb5108b9c6ef2",
            "threshold_config": [
              {
                "operator": "LESS_THAN",
                "threshold": 1,
                "units": "HOURS"
              }
            ],
            "updated": "2025-05-14T06:25:19Z"
          },
          "sensitive_attributes": [
            [
              {
                "type": "get_attr",
                "value": "notification"
              },
              {
                "type": "index",
                "value": {
                  "value": 0,
                  "type": "number"
                }
              },
              {
                "type": "get_attr",
                "value": "webhook_secret"
              }
            ],
            [
              {
                "type": "get_attr",
                "value": "notification"
              },
              {
                "type": "index",
                "value": {
                  "value": 0,
                  "type": "number"
                }
              },
              {
                "type": "get_attr",
                "value": "ops_genie_api_key"
              }
            ],
            [
              {
                "type": "get_attr",
                "value": "notification"
              },
              {
                "type": "index",
                "value": {
                  "value": 0,
                  "type": "number"
                }
              },
              {
                "type": "get_attr",
                "value": "victor_ops_routing_key"
              }
            ],
            [
              {
                "type": "get_attr",
                "value": "notification"
              },
              {
                "type": "index",
                "value": {
                  "value": 0,
                  "type": "number"
                }
              },
              {
                "type": "get_attr",
                "value": "webhook_url"
              }
            ],
            [
              {
                "type": "get_attr",
                "value": "notification"
              },
              {
                "type": "index",
                "value": {
                  "value": 0,
                  "type": "number"
                }
              },
              {
                "type": "get_attr",
                "value": "victor_ops_api_key"
              }
            ],
            [
              {
                "type": "get_attr",
                "value": "notification"
              },
              {
                "type": "index",
                "value": {
                  "value": 0,
                  "type": "number"
                }
              },
              {
                "type": "get_attr",
                "value": "datadog_api_key"
              }
            ],
            [
              {
                "type": "get_attr",
                "value": "notification"
              },
              {
                "type": "index",
                "value": {
                  "value": 0,
                  "type": "number"
                }
              },
              {
                "type": "get_attr",
                "value": "service_key"
              }
            ],
            [
              {
                "type": "get_attr",
                "value": "notification"
              },
              {
                "type": "index",
                "value": {
                  "value": 0,
                  "type": "number"
                }
              },
              {
                "type": "get_attr",
                "value": "microsoft_teams_webhook_url"
              }
            ],
            [
              {
                "type": "get_attr",
                "value": "notification"
              },
              {
                "type": "index",
                "value": {
                  "value": 0,
                  "type": "number"
                }
              },
              {
                "type": "get_attr",
                "value": "api_token"
              }
            ]
          ]
        }
      ]
    },
    {
      "mode": "managed",
      "type": "mongodbatlas_cluster",
      "name": "example_cluster",
      "provider": "provider[\"registry.terraform.io/mongodb/mongodbatlas\"]",
      "instances": [
        {
          "schema_version": 1,
          "attributes": {
            "accept_data_risks_and_force_replica_set_reconfig": "",
            "advanced_configuration": [
              {
                "default_read_concern": "",
                "default_write_concern": "",
                "fail_index_key_too_long": false,
                "javascript_enabled": false,
                "minimum_enabled_tls_protocol": "TLS1_2",
                "no_table_scan": false,
                "oplog_min_retention_hours": 0,
                "oplog_size_mb": 0,
                "sample_refresh_interval_bi_connector": 0,
                "sample_size_bi_connector": 0,
                "transaction_lifetime_limit_seconds": 0
              }
            ],
            "auto_scaling_compute_enabled": false,
            "auto_scaling_compute_scale_down_enabled": false,
            "auto_scaling_disk_gb_enabled": false,
            "backing_provider_name": null,
            "backup_enabled": false,
            "bi_connector_config": [
              {
                "enabled": false,
                "read_preference": "secondary"
              }
            ],
            "cloud_backup": false,
            "cluster_id": "68242732cce187492726ed39",
            "cluster_type": "REPLICASET",
            "connection_strings": [
              {
                "private": "",
                "private_endpoint": [],
                "private_srv": "",
                "standard": "mongodb://cluster0-shard-00-00.6c8kk.mongodb.net:27017,cluster0-shard-00-01.6c8kk.mongodb.net:27017,cluster0-shard-00-02.6c8kk.mongodb.net:27017/?ssl=true\u0026authSource=admin\u0026replicaSet=atlas-rwit6q-shard-0",
                "standard_srv": "mongodb+srv://cluster0.6c8kk.mongodb.net"
              }
            ],
            "container_id": "681e95daa4638b565b5c37b4",
            "disk_size_gb": 40,
            "encryption_at_rest_provider": "NONE",
            "id": "Y2x1c3Rlcl9pZA==:NjgyNDI3MzJjY2UxODc0OTI3MjZlZDM5-Y2x1c3Rlcl9uYW1l:Q2x1c3RlcjA=-cHJvamVjdF9pZA==:NjVmNjE3YTZjZGFmYjUxMDhiOWM2ZWYy-cHJvdmlkZXJfbmFtZQ==:QVdT",
            "labels": [],
            "mongo_db_major_version": "6.0",
            "mongo_db_version": "6.0.23",
            "mongo_uri": "mongodb://cluster0-shard-00-00.6c8kk.mongodb.net:27017,cluster0-shard-00-01.6c8kk.mongodb.net:27017,cluster0-shard-00-02.6c8kk.mongodb.net:27017",
            "mongo_uri_updated": "2025-05-14T05:22:30Z",
            "mongo_uri_with_options": "mongodb://cluster0-shard-00-00.6c8kk.mongodb.net:27017,cluster0-shard-00-01.6c8kk.mongodb.net:27017,cluster0-shard-00-02.6c8kk.mongodb.net:27017/?ssl=true\u0026authSource=admin\u0026replicaSet=atlas-rwit6q-shard-0",
            "name": "Cluster0",
            "num_shards": 1,
            "paused": false,
            "pit_enabled": false,
            "project_id": "65f617a6cdafb5108b9c6ef2",
            "provider_auto_scaling_compute_max_instance_size": "",
            "provider_auto_scaling_compute_min_instance_size": "",
            "provider_disk_iops": 3000,
            "provider_disk_type_name": "",
            "provider_encrypt_ebs_volume": null,
            "provider_encrypt_ebs_volume_flag": true,
            "provider_instance_size_name": "M30",
            "provider_name": "AWS",
            "provider_region_name": "CA_WEST_1",
            "provider_volume_type": "STANDARD",
            "replication_factor": 3,
            "replication_specs": [
              {
                "id": "6824270df1d9e21f33d96b5c",
                "num_shards": 1,
                "regions_config": [
                  {
                    "analytics_nodes": 0,
                    "electable_nodes": 3,
                    "priority": 7,
                    "read_only_nodes": 0,
                    "region_name": "CA_WEST_1"
                  }
                ],
                "zone_name": "ZoneName managed by Terraform"
              }
            ],
            "retain_backups_enabled": null,
            "snapshot_backup_policy": [],
            "srv_address": "mongodb+srv://cluster0.6c8kk.mongodb.net",
            "state_name": "IDLE",
            "tags": [],
            "termination_protection_enabled": false,
            "timeouts": null,
            "version_release_system": "LTS"
          },
          "sensitive_attributes": [],
          "private": "eyJlMmJmYjczMC1lY2FhLTExZTYtOGY4OC0zNDM2M2JjN2M0YzAiOnsiY3JlYXRlIjoxMDgwMDAwMDAwMDAwMCwiZGVsZXRlIjoxMDgwMDAwMDAwMDAwMCwidXBkYXRlIjoxMDgwMDAwMDAwMDAwMH0sInNjaGVtYV92ZXJzaW9uIjoiMSJ9"
        }
      ]
    },
    {
      "mode": "managed",
      "type": "mongodbatlas_custom_db_role",
      "name": "audit_service_role",
      "provider": "provider[\"registry.terraform.io/mongodb/mongodbatlas\"]",
      "instances": [
        {
          "schema_version": 0,
          "attributes": {
            "actions": [
              {
                "action": "USE_UUID",
                "resources": [
                  {
                    "cluster": true,
                    "collection_name": "",
                    "database_name": ""
                  }
                ]
              },
              {
                "action": "SERVER_STATUS",
                "resources": [
                  {
                    "cluster": true,
                    "collection_name": "",
                    "database_name": ""
                  }
                ]
              },
              {
                "action": "FIND",
                "resources": [
                  {
                    "cluster": false,
                    "collection_name": "",
                    "database_name": "audit_service"
                  }
                ]
              },
              {
                "action": "INSERT",
                "resources": [
                  {
                    "cluster": false,
                    "collection_name": "",
                    "database_name": "audit_service"
                  }
                ]
              },
              {
                "action": "REMOVE",
                "resources": [
                  {
                    "cluster": false,
                    "collection_name": "",
                    "database_name": "audit_service"
                  }
                ]
              },
              {
                "action": "UPDATE",
                "resources": [
                  {
                    "cluster": false,
                    "collection_name": "",
                    "database_name": "audit_service"
                  }
                ]
              }
            ],
            "id": "cHJvamVjdF9pZA==:NjVmNjE3YTZjZGFmYjUxMDhiOWM2ZWYy-cm9sZV9uYW1l:QS1TVkMtQVVESVQtU0VSVklDRQ==",
            "inherited_roles": [],
            "project_id": "65f617a6cdafb5108b9c6ef2",
            "role_name": "A-SVC-AUDIT-SERVICE"
          },
          "sensitive_attributes": [],
          "private": "bnVsbA=="
        }
      ]
    },
    {
      "mode": "managed",
      "type": "mongodbatlas_custom_db_role",
      "name": "deploy_liquibase_pims_cloud",
      "provider": "provider[\"registry.terraform.io/mongodb/mongodbatlas\"]",
      "instances": [
        {
          "schema_version": 0,
          "attributes": {
            "actions": [
              {
                "action": "USE_UUID",
                "resources": [
                  {
                    "cluster": true,
                    "collection_name": "",
                    "database_name": ""
                  }
                ]
              },
              {
                "action": "SERVER_STATUS",
                "resources": [
                  {
                    "cluster": true,
                    "collection_name": "",
                    "database_name": ""
                  }
                ]
              },
              {
                "action": "LIST_DATABASES",
                "resources": [
                  {
                    "cluster": true,
                    "collection_name": "",
                    "database_name": ""
                  }
                ]
              },
              {
                "action": "FIND",
                "resources": [
                  {
                    "cluster": null,
                    "collection_name": "",
                    "database_name": "ai_service"
                  },
                  {
                    "cluster": null,
                    "collection_name": "",
                    "database_name": "aisuggestions_service"
                  },
                  {
                    "cluster": null,
                    "collection_name": "",
                    "database_name": "audit_service"
                  },
                  {
                    "cluster": null,
                    "collection_name": "",
                    "database_name": "pulse_appointment_summaries"
                  },
                  {
                    "cluster": null,
                    "collection_name": "",
                    "database_name": "qa_automation_svcs"
                  },
                  {
                    "cluster": null,
                    "collection_name": "",
                    "database_name": "sms_replies"
                  },
                  {
                    "cluster": null,
                    "collection_name": "",
                    "database_name": "sms_service"
                  },
                  {
                    "cluster": null,
                    "collection_name": "",
                    "database_name": "smschat_service"
                  },
                  {
                    "cluster": null,
                    "collection_name": "",
                    "database_name": "smsreplies_service"
                  },
                  {
                    "cluster": null,
                    "collection_name": "",
                    "database_name": "treatmentboard_service"
                  },
                  {
                    "cluster": null,
                    "collection_name": "",
                    "database_name": "user_search_history_service"
                  }
                ]
              },
              {
                "action": "INSERT",
                "resources": [
                  {
                    "cluster": null,
                    "collection_name": "",
                    "database_name": "ai_service"
                  },
                  {
                    "cluster": null,
                    "collection_name": "",
                    "database_name": "aisuggestions_service"
                  },
                  {
                    "cluster": null,
                    "collection_name": "",
                    "database_name": "audit_service"
                  },
                  {
                    "cluster": null,
                    "collection_name": "",
                    "database_name": "pulse_appointment_summaries"
                  },
                  {
                    "cluster": null,
                    "collection_name": "",
                    "database_name": "qa_automation_svcs"
                  },
                  {
                    "cluster": null,
                    "collection_name": "",
                    "database_name": "sms_replies"
                  },
                  {
                    "cluster": null,
                    "collection_name": "",
                    "database_name": "sms_service"
                  },
                  {
                    "cluster": null,
                    "collection_name": "",
                    "database_name": "smschat_service"
                  },
                  {
                    "cluster": null,
                    "collection_name": "",
                    "database_name": "smsreplies_service"
                  },
                  {
                    "cluster": null,
                    "collection_name": "",
                    "database_name": "treatmentboard_service"
                  },
                  {
                    "cluster": null,
                    "collection_name": "",
                    "database_name": "user_search_history_service"
                  }
                ]
              },
              {
                "action": "REMOVE",
                "resources": [
                  {
                    "cluster": null,
                    "collection_name": "",
                    "database_name": "ai_service"
                  },
                  {
                    "cluster": null,
                    "collection_name": "",
                    "database_name": "aisuggestions_service"
                  },
                  {
                    "cluster": null,
                    "collection_name": "",
                    "database_name": "audit_service"
                  },
                  {
                    "cluster": null,
                    "collection_name": "",
                    "database_name": "pulse_appointment_summaries"
                  },
                  {
                    "cluster": null,
                    "collection_name": "",
                    "database_name": "qa_automation_svcs"
                  },
                  {
                    "cluster": null,
                    "collection_name": "",
                    "database_name": "sms_replies"
                  },
                  {
                    "cluster": null,
                    "collection_name": "",
                    "database_name": "sms_service"
                  },
                  {
                    "cluster": null,
                    "collection_name": "",
                    "database_name": "smschat_service"
                  },
                  {
                    "cluster": null,
                    "collection_name": "",
                    "database_name": "smsreplies_service"
                  },
                  {
                    "cluster": null,
                    "collection_name": "",
                    "database_name": "treatmentboard_service"
                  },
                  {
                    "cluster": null,
                    "collection_name": "",
                    "database_name": "user_search_history_service"
                  }
                ]
              },
              {
                "action": "UPDATE",
                "resources": [
                  {
                    "cluster": null,
                    "collection_name": "",
                    "database_name": "ai_service"
                  },
                  {
                    "cluster": null,
                    "collection_name": "",
                    "database_name": "aisuggestions_service"
                  },
                  {
                    "cluster": null,
                    "collection_name": "",
                    "database_name": "audit_service"
                  },
                  {
                    "cluster": null,
                    "collection_name": "",
                    "database_name": "pulse_appointment_summaries"
                  },
                  {
                    "cluster": null,
                    "collection_name": "",
                    "database_name": "qa_automation_svcs"
                  },
                  {
                    "cluster": null,
                    "collection_name": "",
                    "database_name": "sms_replies"
                  },
                  {
                    "cluster": null,
                    "collection_name": "",
                    "database_name": "sms_service"
                  },
                  {
                    "cluster": null,
                    "collection_name": "",
                    "database_name": "smschat_service"
                  },
                  {
                    "cluster": null,
                    "collection_name": "",
                    "database_name": "smsreplies_service"
                  },
                  {
                    "cluster": null,
                    "collection_name": "",
                    "database_name": "treatmentboard_service"
                  },
                  {
                    "cluster": null,
                    "collection_name": "",
                    "database_name": "user_search_history_service"
                  }
                ]
              },
              {
                "action": "BYPASS_DOCUMENT_VALIDATION",
                "resources": [
                  {
                    "cluster": null,
                    "collection_name": "",
                    "database_name": "ai_service"
                  },
                  {
                    "cluster": null,
                    "collection_name": "",
                    "database_name": "aisuggestions_service"
                  },
                  {
                    "cluster": null,
                    "collection_name": "",
                    "database_name": "audit_service"
                  },
                  {
                    "cluster": null,
                    "collection_name": "",
                    "database_name": "pulse_appointment_summaries"
                  },
                  {
                    "cluster": null,
                    "collection_name": "",
                    "database_name": "qa_automation_svcs"
                  },
                  {
                    "cluster": null,
                    "collection_name": "",
                    "database_name": "sms_replies"
                  },
                  {
                    "cluster": null,
                    "collection_name": "",
                    "database_name": "sms_service"
                  },
                  {
                    "cluster": null,
                    "collection_name": "",
                    "database_name": "smschat_service"
                  },
                  {
                    "cluster": null,
                    "collection_name": "",
                    "database_name": "smsreplies_service"
                  },
                  {
                    "cluster": null,
                    "collection_name": "",
                    "database_name": "treatmentboard_service"
                  },
                  {
                    "cluster": null,
                    "collection_name": "",
                    "database_name": "user_search_history_service"
                  }
                ]
              },
              {
                "action": "CREATE_COLLECTION",
                "resources": [
                  {
                    "cluster": null,
                    "collection_name": "",
                    "database_name": "ai_service"
                  },
                  {
                    "cluster": null,
                    "collection_name": "",
                    "database_name": "aisuggestions_service"
                  },
                  {
                    "cluster": null,
                    "collection_name": "",
                    "database_name": "audit_service"
                  },
                  {
                    "cluster": null,
                    "collection_name": "",
                    "database_name": "pulse_appointment_summaries"
                  },
                  {
                    "cluster": null,
                    "collection_name": "",
                    "database_name": "qa_automation_svcs"
                  },
                  {
                    "cluster": null,
                    "collection_name": "",
                    "database_name": "sms_replies"
                  },
                  {
                    "cluster": null,
                    "collection_name": "",
                    "database_name": "sms_service"
                  },
                  {
                    "cluster": null,
                    "collection_name": "",
                    "database_name": "smschat_service"
                  },
                  {
                    "cluster": null,
                    "collection_name": "",
                    "database_name": "smsreplies_service"
                  },
                  {
                    "cluster": null,
                    "collection_name": "",
                    "database_name": "treatmentboard_service"
                  },
                  {
                    "cluster": null,
                    "collection_name": "",
                    "database_name": "user_search_history_service"
                  }
                ]
              },
              {
                "action": "CREATE_INDEX",
                "resources": [
                  {
                    "cluster": null,
                    "collection_name": "",
                    "database_name": "ai_service"
                  },
                  {
                    "cluster": null,
                    "collection_name": "",
                    "database_name": "aisuggestions_service"
                  },
                  {
                    "cluster": null,
                    "collection_name": "",
                    "database_name": "audit_service"
                  },
                  {
                    "cluster": null,
                    "collection_name": "",
                    "database_name": "pulse_appointment_summaries"
                  },
                  {
                    "cluster": null,
                    "collection_name": "",
                    "database_name": "qa_automation_svcs"
                  },
                  {
                    "cluster": null,
                    "collection_name": "",
                    "database_name": "sms_replies"
                  },
                  {
                    "cluster": null,
                    "collection_name": "",
                    "database_name": "sms_service"
                  },
                  {
                    "cluster": null,
                    "collection_name": "",
                    "database_name": "smschat_service"
                  },
                  {
                    "cluster": null,
                    "collection_name": "",
                    "database_name": "smsreplies_service"
                  },
                  {
                    "cluster": null,
                    "collection_name": "",
                    "database_name": "treatmentboard_service"
                  },
                  {
                    "cluster": null,
                    "collection_name": "",
                    "database_name": "user_search_history_service"
                  }
                ]
              },
              {
                "action": "DROP_COLLECTION",
                "resources": [
                  {
                    "cluster": null,
                    "collection_name": "",
                    "database_name": "ai_service"
                  },
                  {
                    "cluster": null,
                    "collection_name": "",
                    "database_name": "aisuggestions_service"
                  },
                  {
                    "cluster": null,
                    "collection_name": "",
                    "database_name": "audit_service"
                  },
                  {
                    "cluster": null,
                    "collection_name": "",
                    "database_name": "pulse_appointment_summaries"
                  },
                  {
                    "cluster": null,
                    "collection_name": "",
                    "database_name": "qa_automation_svcs"
                  },
                  {
                    "cluster": null,
                    "collection_name": "",
                    "database_name": "sms_replies"
                  },
                  {
                    "cluster": null,
                    "collection_name": "",
                    "database_name": "sms_service"
                  },
                  {
                    "cluster": null,
                    "collection_name": "",
                    "database_name": "smschat_service"
                  },
                  {
                    "cluster": null,
                    "collection_name": "",
                    "database_name": "smsreplies_service"
                  },
                  {
                    "cluster": null,
                    "collection_name": "",
                    "database_name": "treatmentboard_service"
                  },
                  {
                    "cluster": null,
                    "collection_name": "",
                    "database_name": "user_search_history_service"
                  }
                ]
              },
              {
                "action": "CHANGE_STREAM",
                "resources": [
                  {
                    "cluster": null,
                    "collection_name": "",
                    "database_name": "ai_service"
                  },
                  {
                    "cluster": null,
                    "collection_name": "",
                    "database_name": "aisuggestions_service"
                  },
                  {
                    "cluster": null,
                    "collection_name": "",
                    "database_name": "audit_service"
                  },
                  {
                    "cluster": null,
                    "collection_name": "",
                    "database_name": "pulse_appointment_summaries"
                  },
                  {
                    "cluster": null,
                    "collection_name": "",
                    "database_name": "qa_automation_svcs"
                  },
                  {
                    "cluster": null,
                    "collection_name": "",
                    "database_name": "sms_replies"
                  },
                  {
                    "cluster": null,
                    "collection_name": "",
                    "database_name": "sms_service"
                  },
                  {
                    "cluster": null,
                    "collection_name": "",
                    "database_name": "smschat_service"
                  },
                  {
                    "cluster": null,
                    "collection_name": "",
                    "database_name": "smsreplies_service"
                  },
                  {
                    "cluster": null,
                    "collection_name": "",
                    "database_name": "treatmentboard_service"
                  },
                  {
                    "cluster": null,
                    "collection_name": "",
                    "database_name": "user_search_history_service"
                  }
                ]
              },
              {
                "action": "COLL_MOD",
                "resources": [
                  {
                    "cluster": null,
                    "collection_name": "",
                    "database_name": "ai_service"
                  },
                  {
                    "cluster": null,
                    "collection_name": "",
                    "database_name": "aisuggestions_service"
                  },
                  {
                    "cluster": null,
                    "collection_name": "",
                    "database_name": "audit_service"
                  },
                  {
                    "cluster": null,
                    "collection_name": "",
                    "database_name": "pulse_appointment_summaries"
                  },
                  {
                    "cluster": null,
                    "collection_name": "",
                    "database_name": "qa_automation_svcs"
                  },
                  {
                    "cluster": null,
                    "collection_name": "",
                    "database_name": "sms_replies"
                  },
                  {
                    "cluster": null,
                    "collection_name": "",
                    "database_name": "sms_service"
                  },
                  {
                    "cluster": null,
                    "collection_name": "",
                    "database_name": "smschat_service"
                  },
                  {
                    "cluster": null,
                    "collection_name": "",
                    "database_name": "smsreplies_service"
                  },
                  {
                    "cluster": null,
                    "collection_name": "",
                    "database_name": "treatmentboard_service"
                  },
                  {
                    "cluster": null,
                    "collection_name": "",
                    "database_name": "user_search_history_service"
                  }
                ]
              },
              {
                "action": "COMPACT",
                "resources": [
                  {
                    "cluster": null,
                    "collection_name": "",
                    "database_name": "ai_service"
                  },
                  {
                    "cluster": null,
                    "collection_name": "",
                    "database_name": "aisuggestions_service"
                  },
                  {
                    "cluster": null,
                    "collection_name": "",
                    "database_name": "audit_service"
                  },
                  {
                    "cluster": null,
                    "collection_name": "",
                    "database_name": "pulse_appointment_summaries"
                  },
                  {
                    "cluster": null,
                    "collection_name": "",
                    "database_name": "qa_automation_svcs"
                  },
                  {
                    "cluster": null,
                    "collection_name": "",
                    "database_name": "sms_replies"
                  },
                  {
                    "cluster": null,
                    "collection_name": "",
                    "database_name": "sms_service"
                  },
                  {
                    "cluster": null,
                    "collection_name": "",
                    "database_name": "smschat_service"
                  },
                  {
                    "cluster": null,
                    "collection_name": "",
                    "database_name": "smsreplies_service"
                  },
                  {
                    "cluster": null,
                    "collection_name": "",
                    "database_name": "treatmentboard_service"
                  },
                  {
                    "cluster": null,
                    "collection_name": "",
                    "database_name": "user_search_history_service"
                  }
                ]
              },
              {
                "action": "CONVERT_TO_CAPPED",
                "resources": [
                  {
                    "cluster": null,
                    "collection_name": "",
                    "database_name": "ai_service"
                  },
                  {
                    "cluster": null,
                    "collection_name": "",
                    "database_name": "aisuggestions_service"
                  },
                  {
                    "cluster": null,
                    "collection_name": "",
                    "database_name": "audit_service"
                  },
                  {
                    "cluster": null,
                    "collection_name": "",
                    "database_name": "pulse_appointment_summaries"
                  },
                  {
                    "cluster": null,
                    "collection_name": "",
                    "database_name": "qa_automation_svcs"
                  },
                  {
                    "cluster": null,
                    "collection_name": "",
                    "database_name": "sms_replies"
                  },
                  {
                    "cluster": null,
                    "collection_name": "",
                    "database_name": "sms_service"
                  },
                  {
                    "cluster": null,
                    "collection_name": "",
                    "database_name": "smschat_service"
                  },
                  {
                    "cluster": null,
                    "collection_name": "",
                    "database_name": "smsreplies_service"
                  },
                  {
                    "cluster": null,
                    "collection_name": "",
                    "database_name": "treatmentboard_service"
                  },
                  {
                    "cluster": null,
                    "collection_name": "",
                    "database_name": "user_search_history_service"
                  }
                ]
              },
              {
                "action": "DROP_INDEX",
                "resources": [
                  {
                    "cluster": null,
                    "collection_name": "",
                    "database_name": "ai_service"
                  },
                  {
                    "cluster": null,
                    "collection_name": "",
                    "database_name": "aisuggestions_service"
                  },
                  {
                    "cluster": null,
                    "collection_name": "",
                    "database_name": "audit_service"
                  },
                  {
                    "cluster": null,
                    "collection_name": "",
                    "database_name": "pulse_appointment_summaries"
                  },
                  {
                    "cluster": null,
                    "collection_name": "",
                    "database_name": "qa_automation_svcs"
                  },
                  {
                    "cluster": null,
                    "collection_name": "",
                    "database_name": "sms_replies"
                  },
                  {
                    "cluster": null,
                    "collection_name": "",
                    "database_name": "sms_service"
                  },
                  {
                    "cluster": null,
                    "collection_name": "",
                    "database_name": "smschat_service"
                  },
                  {
                    "cluster": null,
                    "collection_name": "",
                    "database_name": "smsreplies_service"
                  },
                  {
                    "cluster": null,
                    "collection_name": "",
                    "database_name": "treatmentboard_service"
                  },
                  {
                    "cluster": null,
                    "collection_name": "",
                    "database_name": "user_search_history_service"
                  }
                ]
              },
              {
                "action": "RE_INDEX",
                "resources": [
                  {
                    "cluster": null,
                    "collection_name": "",
                    "database_name": "ai_service"
                  },
                  {
                    "cluster": null,
                    "collection_name": "",
                    "database_name": "aisuggestions_service"
                  },
                  {
                    "cluster": null,
                    "collection_name": "",
                    "database_name": "audit_service"
                  },
                  {
                    "cluster": null,
                    "collection_name": "",
                    "database_name": "pulse_appointment_summaries"
                  },
                  {
                    "cluster": null,
                    "collection_name": "",
                    "database_name": "qa_automation_svcs"
                  },
                  {
                    "cluster": null,
                    "collection_name": "",
                    "database_name": "sms_replies"
                  },
                  {
                    "cluster": null,
                    "collection_name": "",
                    "database_name": "sms_service"
                  },
                  {
                    "cluster": null,
                    "collection_name": "",
                    "database_name": "smschat_service"
                  },
                  {
                    "cluster": null,
                    "collection_name": "",
                    "database_name": "smsreplies_service"
                  },
                  {
                    "cluster": null,
                    "collection_name": "",
                    "database_name": "treatmentboard_service"
                  },
                  {
                    "cluster": null,
                    "collection_name": "",
                    "database_name": "user_search_history_service"
                  }
                ]
              },
              {
                "action": "COLL_STATS",
                "resources": [
                  {
                    "cluster": null,
                    "collection_name": "",
                    "database_name": "ai_service"
                  },
                  {
                    "cluster": null,
                    "collection_name": "",
                    "database_name": "aisuggestions_service"
                  },
                  {
                    "cluster": null,
                    "collection_name": "",
                    "database_name": "audit_service"
                  },
                  {
                    "cluster": null,
                    "collection_name": "",
                    "database_name": "pulse_appointment_summaries"
                  },
                  {
                    "cluster": null,
                    "collection_name": "",
                    "database_name": "qa_automation_svcs"
                  },
                  {
                    "cluster": null,
                    "collection_name": "",
                    "database_name": "sms_replies"
                  },
                  {
                    "cluster": null,
                    "collection_name": "",
                    "database_name": "sms_service"
                  },
                  {
                    "cluster": null,
                    "collection_name": "",
                    "database_name": "smschat_service"
                  },
                  {
                    "cluster": null,
                    "collection_name": "",
                    "database_name": "smsreplies_service"
                  },
                  {
                    "cluster": null,
                    "collection_name": "",
                    "database_name": "treatmentboard_service"
                  },
                  {
                    "cluster": null,
                    "collection_name": "",
                    "database_name": "user_search_history_service"
                  }
                ]
              },
              {
                "action": "DB_HASH",
                "resources": [
                  {
                    "cluster": null,
                    "collection_name": "",
                    "database_name": "ai_service"
                  },
                  {
                    "cluster": null,
                    "collection_name": "",
                    "database_name": "aisuggestions_service"
                  },
                  {
                    "cluster": null,
                    "collection_name": "",
                    "database_name": "audit_service"
                  },
                  {
                    "cluster": null,
                    "collection_name": "",
                    "database_name": "pulse_appointment_summaries"
                  },
                  {
                    "cluster": null,
                    "collection_name": "",
                    "database_name": "qa_automation_svcs"
                  },
                  {
                    "cluster": null,
                    "collection_name": "",
                    "database_name": "sms_replies"
                  },
                  {
                    "cluster": null,
                    "collection_name": "",
                    "database_name": "sms_service"
                  },
                  {
                    "cluster": null,
                    "collection_name": "",
                    "database_name": "smschat_service"
                  },
                  {
                    "cluster": null,
                    "collection_name": "",
                    "database_name": "smsreplies_service"
                  },
                  {
                    "cluster": null,
                    "collection_name": "",
                    "database_name": "treatmentboard_service"
                  },
                  {
                    "cluster": null,
                    "collection_name": "",
                    "database_name": "user_search_history_service"
                  }
                ]
              },
              {
                "action": "LIST_INDEXES",
                "resources": [
                  {
                    "cluster": null,
                    "collection_name": "",
                    "database_name": "ai_service"
                  },
                  {
                    "cluster": null,
                    "collection_name": "",
                    "database_name": "aisuggestions_service"
                  },
                  {
                    "cluster": null,
                    "collection_name": "",
                    "database_name": "audit_service"
                  },
                  {
                    "cluster": null,
                    "collection_name": "",
                    "database_name": "pulse_appointment_summaries"
                  },
                  {
                    "cluster": null,
                    "collection_name": "",
                    "database_name": "qa_automation_svcs"
                  },
                  {
                    "cluster": null,
                    "collection_name": "",
                    "database_name": "sms_replies"
                  },
                  {
                    "cluster": null,
                    "collection_name": "",
                    "database_name": "sms_service"
                  },
                  {
                    "cluster": null,
                    "collection_name": "",
                    "database_name": "smschat_service"
                  },
                  {
                    "cluster": null,
                    "collection_name": "",
                    "database_name": "smsreplies_service"
                  },
                  {
                    "cluster": null,
                    "collection_name": "",
                    "database_name": "treatmentboard_service"
                  },
                  {
                    "cluster": null,
                    "collection_name": "",
                    "database_name": "user_search_history_service"
                  }
                ]
              },
              {
                "action": "VALIDATE",
                "resources": [
                  {
                    "cluster": null,
                    "collection_name": "",
                    "database_name": "ai_service"
                  },
                  {
                    "cluster": null,
                    "collection_name": "",
                    "database_name": "aisuggestions_service"
                  },
                  {
                    "cluster": null,
                    "collection_name": "",
                    "database_name": "audit_service"
                  },
                  {
                    "cluster": null,
                    "collection_name": "",
                    "database_name": "pulse_appointment_summaries"
                  },
                  {
                    "cluster": null,
                    "collection_name": "",
                    "database_name": "qa_automation_svcs"
                  },
                  {
                    "cluster": null,
                    "collection_name": "",
                    "database_name": "sms_replies"
                  },
                  {
                    "cluster": null,
                    "collection_name": "",
                    "database_name": "sms_service"
                  },
                  {
                    "cluster": null,
                    "collection_name": "",
                    "database_name": "smschat_service"
                  },
                  {
                    "cluster": null,
                    "collection_name": "",
                    "database_name": "smsreplies_service"
                  },
                  {
                    "cluster": null,
                    "collection_name": "",
                    "database_name": "treatmentboard_service"
                  },
                  {
                    "cluster": null,
                    "collection_name": "",
                    "database_name": "user_search_history_service"
                  }
                ]
              }
            ],
            "id": "cHJvamVjdF9pZA==:NjVmNjE3YTZjZGFmYjUxMDhiOWM2ZWYy-cm9sZV9uYW1l:QS1TVkMtREVQTE9ZLUxJUVVJQkFTRS1QSU1TLUNMT1VE",
            "inherited_roles": [
              {
                "database_name": "admin",
                "role_name": "readWriteAnyDatabase"
              }
            ],
            "project_id": "65f617a6cdafb5108b9c6ef2",
            "role_name": "A-SVC-DEPLOY-LIQUIBASE-PIMS-CLOUD"
          },
          "sensitive_attributes": [],
          "private": "bnVsbA=="
        }
      ]
    },
    {
      "mode": "managed",
      "type": "mongodbatlas_custom_db_role",
      "name": "migrate_role",
      "provider": "provider[\"registry.terraform.io/mongodb/mongodbatlas\"]",
      "instances": [
        {
          "schema_version": 0,
          "attributes": {
            "actions": [
              {
                "action": "BYPASS_USER_WRITE_BLOCK",
                "resources": [
                  {
                    "cluster": true,
                    "collection_name": "",
                    "database_name": ""
                  }
                ]
              }
            ],
            "id": "cHJvamVjdF9pZA==:NjVmNjE3YTZjZGFmYjUxMDhiOWM2ZWYy-cm9sZV9uYW1l:bWlncmF0ZVJvbGU=",
            "inherited_roles": [],
            "project_id": "65f617a6cdafb5108b9c6ef2",
            "role_name": "migrateRole"
          },
          "sensitive_attributes": [],
          "private": "eyJzY2hlbWFfdmVyc2lvbiI6IjAifQ=="
        }
      ]
    },
    {
      "mode": "managed",
      "type": "mongodbatlas_database_user",
      "name": "test",
      "provider": "provider[\"registry.terraform.io/mongodb/mongodbatlas\"]",
      "instances": [
        {
          "schema_version": 0,
          "attributes": {
            "auth_database_name": "admin",
            "aws_iam_type": "NONE",
            "id": "YXV0aF9kYXRhYmFzZV9uYW1l:YWRtaW4=-cHJvamVjdF9pZA==:NjVmNjE3YTZjZGFmYjUxMDhiOWM2ZWYy-dXNlcm5hbWU=:dGVzdC1hY2MtdXNlcm5hbWU=",
            "labels": [
              {
                "key": "My Key",
                "value": "My Value"
              }
            ],
            "ldap_auth_type": "NONE",
            "oidc_auth_type": "NONE",
            "password": "test-acc-password",
            "project_id": "65f617a6cdafb5108b9c6ef2",
            "roles": [
              {
                "collection_name": null,
                "database_name": "admin",
                "role_name": "A-SVC-AUDIT-SERVICE"
              },
              {
                "collection_name": null,
                "database_name": "admin",
                "role_name": "A-SVC-DEPLOY-LIQUIBASE-PIMS-CLOUD"
              },
              {
                "collection_name": null,
                "database_name": "admin",
                "role_name": "readAnyDatabase"
              },
              {
                "collection_name": null,
                "database_name": "admin",
                "role_name": "readWrite"
              }
            ],
            "scopes": [
              {
                "name": "Cluster0",
                "type": "CLUSTER"
              }
            ],
            "username": "test-acc-username",
            "x509_type": "NONE"
          },
          "sensitive_attributes": [
            [
              {
                "type": "get_attr",
                "value": "password"
              }
            ]
          ],
          "dependencies": [
            "mongodbatlas_custom_db_role.audit_service_role",
            "mongodbatlas_custom_db_role.deploy_liquibase_pims_cloud"
          ]
        }
      ]
    },
    {
      "mode": "managed",
      "type": "mongodbatlas_project_ip_access_list",
      "name": "my_ip",
      "provider": "provider[\"registry.terraform.io/mongodb/mongodbatlas\"]",
      "instances": [
        {
          "index_key": "0",
          "schema_version": 0,
          "attributes": {
            "aws_security_group": "",
            "cidr_block": "66.222.149.73/32",
            "comment": "My IP added on 2025-05-14T06:18:36.255485",
            "id": "ZW50cnk=:NjYuMjIyLjE0OS43My8zMg==-cHJvamVjdF9pZA==:NjVmNjE3YTZjZGFmYjUxMDhiOWM2ZWYy",
            "ip_address": "66.222.149.73",
            "project_id": "65f617a6cdafb5108b9c6ef2",
            "timeouts": null
          },
          "sensitive_attributes": []
        }
      ]
    }
  ],
  "check_results": null
}
