{
  "version": 4,
  "terraform_version": "1.11.4",
  "serial": 3,
  "lineage": "a354b519-6a4b-9097-9311-a657ea5fe87e",
  "outputs": {
    "cluster_connection_string": {
      "value": "mongodb://testclusterazure-shard-00-00.6c8kk.mongodb.net:27017,testclusterazure-shard-00-01.6c8kk.mongodb.net:27017,testclusterazure-shard-00-02.6c8kk.mongodb.net:27017/?ssl=true\u0026authSource=admin\u0026replicaSet=atlas-1102g1-shard-0",
      "type": "string"
    }
  },
  "resources": [
    {
      "mode": "managed",
      "type": "mongodbatlas_cluster",
      "name": "testAzureCluster",
      "provider": "provider[\"registry.terraform.io/mongodb/mongodbatlas\"]",
      "instances": [
        {
          "schema_version": 1,
          "attributes": {
            "accept_data_risks_and_force_replica_set_reconfig": "",
            "advanced_configuration": [
              {
                "default_read_concern": "",
                "default_write_concern": "",
                "fail_index_key_too_long": false,
                "javascript_enabled": true,
                "minimum_enabled_tls_protocol": "TLS1_2",
                "no_table_scan": false,
                "oplog_min_retention_hours": 0,
                "oplog_size_mb": 0,
                "sample_refresh_interval_bi_connector": 0,
                "sample_size_bi_connector": 0,
                "transaction_lifetime_limit_seconds": 0
              }
            ],
            "auto_scaling_compute_enabled": false,
            "auto_scaling_compute_scale_down_enabled": false,
            "auto_scaling_disk_gb_enabled": true,
            "backing_provider_name": null,
            "backup_enabled": false,
            "bi_connector_config": [
              {
                "enabled": false,
                "read_preference": "secondary"
              }
            ],
            "cloud_backup": false,
            "cluster_id": "68256e02d5ccac666d204fef",
            "cluster_type": "REPLICASET",
            "connection_strings": [
              {
                "private": "",
                "private_endpoint": [],
                "private_srv": "",
                "standard": "mongodb://testclusterazure-shard-00-00.6c8kk.mongodb.net:27017,testclusterazure-shard-00-01.6c8kk.mongodb.net:27017,testclusterazure-shard-00-02.6c8kk.mongodb.net:27017/?ssl=true\u0026authSource=admin\u0026replicaSet=atlas-1102g1-shard-0",
                "standard_srv": "mongodb+srv://testclusterazure.6c8kk.mongodb.net"
              }
            ],
            "container_id": "68256e02d5ccac666d204feb",
            "disk_size_gb": 64,
            "encryption_at_rest_provider": "NONE",
            "id": "Y2x1c3Rlcl9pZA==:NjgyNTZlMDJkNWNjYWM2NjZkMjA0ZmVm-Y2x1c3Rlcl9uYW1l:VGVzdENsdXN0ZXJBenVyZQ==-cHJvamVjdF9pZA==:NjVmNjE3YTZjZGFmYjUxMDhiOWM2ZWYy-cHJvdmlkZXJfbmFtZQ==:QVpVUkU=",
            "labels": [],
            "mongo_db_major_version": "7.0",
            "mongo_db_version": "7.0.20",
            "mongo_uri": "mongodb://testclusterazure-shard-00-00.6c8kk.mongodb.net:27017,testclusterazure-shard-00-01.6c8kk.mongodb.net:27017,testclusterazure-shard-00-02.6c8kk.mongodb.net:27017",
            "mongo_uri_updated": "2025-05-15T04:38:59Z",
            "mongo_uri_with_options": "mongodb://testclusterazure-shard-00-00.6c8kk.mongodb.net:27017,testclusterazure-shard-00-01.6c8kk.mongodb.net:27017,testclusterazure-shard-00-02.6c8kk.mongodb.net:27017/?ssl=true\u0026authSource=admin\u0026replicaSet=atlas-1102g1-shard-0",
            "name": "TestClusterAzure",
            "num_shards": 1,
            "paused": false,
            "pit_enabled": false,
            "project_id": "65f617a6cdafb5108b9c6ef2",
            "provider_auto_scaling_compute_max_instance_size": "",
            "provider_auto_scaling_compute_min_instance_size": "",
            "provider_disk_iops": null,
            "provider_disk_type_name": "P6",
            "provider_encrypt_ebs_volume": null,
            "provider_encrypt_ebs_volume_flag": null,
            "provider_instance_size_name": "M30",
            "provider_name": "AZURE",
            "provider_region_name": "US_EAST",
            "provider_volume_type": "",
            "replication_factor": 3,
            "replication_specs": [
              {
                "id": "68256e01d5ccac666d204fc4",
                "num_shards": 1,
                "regions_config": [
                  {
                    "analytics_nodes": 0,
                    "electable_nodes": 3,
                    "priority": 7,
                    "read_only_nodes": 0,
                    "region_name": "US_EAST"
                  }
                ],
                "zone_name": "ZoneName managed by Terraform"
              }
            ],
            "retain_backups_enabled": null,
            "snapshot_backup_policy": [],
            "srv_address": "mongodb+srv://testclusterazure.6c8kk.mongodb.net",
            "state_name": "IDLE",
            "tags": [],
            "termination_protection_enabled": false,
            "timeouts": null,
            "version_release_system": "LTS"
          },
          "sensitive_attributes": [],
          "private": "eyJlMmJmYjczMC1lY2FhLTExZTYtOGY4OC0zNDM2M2JjN2M0YzAiOnsiY3JlYXRlIjoxMDgwMDAwMDAwMDAwMCwiZGVsZXRlIjoxMDgwMDAwMDAwMDAwMCwidXBkYXRlIjoxMDgwMDAwMDAwMDAwMH0sInNjaGVtYV92ZXJzaW9uIjoiMSJ9"
        }
      ]
    }
  ],
  "check_results": null
}
